PODS:
  - Bond (7.5.0):
    - Differ (~> 1.3)
    - ReactiveKit (~> 3.10)
  - Differ (1.4.1)
  - Nimble (8.0.1)
  - Quick (2.1.0)
  - ReactiveKit (3.12.0)

DEPENDENCIES:
  - Bond (= 7.5.0)
  - Nimble (= 8.0.1)
  - Quick (= 2.1.0)

SPEC REPOS:
  https://github.com/cocoapods/specs.git:
    - Bond
    - Differ
    - Nimble
    - Quick
    - ReactiveKit

SPEC CHECKSUMS:
  Bond: 6abbc33a4cf88e65a0f8b1ba8276ac34584ad897
  Differ: ca4350872e32a1aeedf3d9e2d9e47127833bfa9c
  Nimble: 45f786ae66faa9a709624227fae502db55a8bdd0
  Quick: 4be43f6634acfa727dd106bdf3929ce125ffa79d
  ReactiveKit: 7634cc10d9fb8791f9a87bf60c283fb420db3184

PODFILE CHECKSUM: 9f59f6959bb01971153602cc5bd0cd1cf12bd321

COCOAPODS: 1.6.0.beta.2
