PODS:
  - Bond (6.10.2):
    - Differ (~> 1.3)
    - ReactiveKit (~> 3.9)
  - Differ (1.3.0)
  - Nimble (7.3.1)
  - Quick (1.3.2)
  - ReactiveKit (3.9.7)

DEPENDENCIES:
  - Bond (= 6.10.2)
  - Nimble (= 7.3.1)
  - Quick (= 1.3.2)

SPEC REPOS:
  https://github.com/cocoapods/specs.git:
    - Bond
    - Differ
    - Nimble
    - Quick
    - ReactiveKit

SPEC CHECKSUMS:
  Bond: 5c9d854fb14d3268496ccaf9b7ccd8428ec1609c
  Differ: 9fcee7602542d7c6484ce05a0faec1c11258ed63
  Nimble: 04f732da099ea4d153122aec8c2a88fd0c7219ae
  Quick: 2623cb30d7a7f41ca62f684f679586558f483d46
  ReactiveKit: 5f4c440715d671901c382ae6b42ed3337ce4699b

PODFILE CHECKSUM: 3293bfa9693871de84ac7ce06c7e47e5d18a321b

COCOAPODS: 1.6.0.beta.2
